
Microsoft Visual Studio Solution File, Format Version 12.00
# Visual Studio 2012
Project("{FAE04EC0-301F-11D3-BF4B-00C04F79EFBC}") = "Moments.Analysis", "Moments.Analysis\Moments.Analysis.csproj", "{B751C27A-B404-411F-8440-F1C2DAA7E347}"
EndProject
Project("{D954291E-2A0B-460D-934E-DC6B0785DB48}") = "Moments", "Moments.Shared\Moments.shproj", "{64635747-6374-4466-884F-7AE0241F596B}"
EndProject
Project("{FAE04EC0-301F-11D3-BF4B-00C04F79EFBC}") = "Moments.Droid", "Moments.Droid\Moments.Droid.csproj", "{6FFF0E3A-CE58-4213-9D29-51CDB104AD69}"
EndProject
Project("{FAE04EC0-301F-11D3-BF4B-00C04F79EFBC}") = "Moments.iOS", "Moments.iOS\Moments.iOS.csproj", "{A7ADE572-F1DE-4B66-8C04-7607B7453B0E}"
EndProject
Global
	GlobalSection(SolutionConfigurationPlatforms) = preSolution
		Debug|iPhoneSimulator = Debug|iPhoneSimulator
		Release|iPhoneSimulator = Release|iPhoneSimulator
		Debug|iPhone = Debug|iPhone
		Release|iPhone = Release|iPhone
		Ad-Hoc|iPhone = Ad-Hoc|iPhone
		AppStore|iPhone = AppStore|iPhone
		Debug|Any CPU = Debug|Any CPU
		Release|Any CPU = Release|Any CPU
	EndGlobalSection
	GlobalSection(ProjectConfigurationPlatforms) = postSolution
		{6FFF0E3A-CE58-4213-9D29-51CDB104AD69}.Ad-Hoc|iPhone.ActiveCfg = Debug|Any CPU
		{6FFF0E3A-CE58-4213-9D29-51CDB104AD69}.Ad-Hoc|iPhone.Build.0 = Debug|Any CPU
		{6FFF0E3A-CE58-4213-9D29-51CDB104AD69}.AppStore|iPhone.ActiveCfg = Debug|Any CPU
		{6FFF0E3A-CE58-4213-9D29-51CDB104AD69}.AppStore|iPhone.Build.0 = Debug|Any CPU
		{6FFF0E3A-CE58-4213-9D29-51CDB104AD69}.Debug|Any CPU.ActiveCfg = Debug|Any CPU
		{6FFF0E3A-CE58-4213-9D29-51CDB104AD69}.Debug|Any CPU.Build.0 = Debug|Any CPU
		{6FFF0E3A-CE58-4213-9D29-51CDB104AD69}.Debug|iPhone.ActiveCfg = Debug|Any CPU
		{6FFF0E3A-CE58-4213-9D29-51CDB104AD69}.Debug|iPhone.Build.0 = Debug|Any CPU
		{6FFF0E3A-CE58-4213-9D29-51CDB104AD69}.Debug|iPhoneSimulator.ActiveCfg = Debug|Any CPU
		{6FFF0E3A-CE58-4213-9D29-51CDB104AD69}.Debug|iPhoneSimulator.Build.0 = Debug|Any CPU
		{6FFF0E3A-CE58-4213-9D29-51CDB104AD69}.Release|Any CPU.ActiveCfg = Release|Any CPU
		{6FFF0E3A-CE58-4213-9D29-51CDB104AD69}.Release|Any CPU.Build.0 = Release|Any CPU
		{6FFF0E3A-CE58-4213-9D29-51CDB104AD69}.Release|iPhone.ActiveCfg = Release|Any CPU
		{6FFF0E3A-CE58-4213-9D29-51CDB104AD69}.Release|iPhone.Build.0 = Release|Any CPU
		{6FFF0E3A-CE58-4213-9D29-51CDB104AD69}.Release|iPhoneSimulator.ActiveCfg = Release|Any CPU
		{6FFF0E3A-CE58-4213-9D29-51CDB104AD69}.Release|iPhoneSimulator.Build.0 = Release|Any CPU
		{A7ADE572-F1DE-4B66-8C04-7607B7453B0E}.Ad-Hoc|iPhone.ActiveCfg = Ad-Hoc|iPhone
		{A7ADE572-F1DE-4B66-8C04-7607B7453B0E}.Ad-Hoc|iPhone.Build.0 = Ad-Hoc|iPhone
		{A7ADE572-F1DE-4B66-8C04-7607B7453B0E}.AppStore|iPhone.ActiveCfg = AppStore|iPhone
		{A7ADE572-F1DE-4B66-8C04-7607B7453B0E}.AppStore|iPhone.Build.0 = AppStore|iPhone
		{A7ADE572-F1DE-4B66-8C04-7607B7453B0E}.Debug|Any CPU.ActiveCfg = Debug|iPhoneSimulator
		{A7ADE572-F1DE-4B66-8C04-7607B7453B0E}.Debug|Any CPU.Build.0 = Debug|iPhoneSimulator
		{A7ADE572-F1DE-4B66-8C04-7607B7453B0E}.Debug|iPhone.ActiveCfg = Debug|iPhone
		{A7ADE572-F1DE-4B66-8C04-7607B7453B0E}.Debug|iPhone.Build.0 = Debug|iPhone
		{A7ADE572-F1DE-4B66-8C04-7607B7453B0E}.Debug|iPhoneSimulator.ActiveCfg = Debug|iPhoneSimulator
		{A7ADE572-F1DE-4B66-8C04-7607B7453B0E}.Debug|iPhoneSimulator.Build.0 = Debug|iPhoneSimulator
		{A7ADE572-F1DE-4B66-8C04-7607B7453B0E}.Release|Any CPU.ActiveCfg = Debug|iPhoneSimulator
		{A7ADE572-F1DE-4B66-8C04-7607B7453B0E}.Release|Any CPU.Build.0 = Debug|iPhoneSimulator
		{A7ADE572-F1DE-4B66-8C04-7607B7453B0E}.Release|iPhone.ActiveCfg = Release|iPhone
		{A7ADE572-F1DE-4B66-8C04-7607B7453B0E}.Release|iPhone.Build.0 = Release|iPhone
		{A7ADE572-F1DE-4B66-8C04-7607B7453B0E}.Release|iPhoneSimulator.ActiveCfg = Release|iPhoneSimulator
		{A7ADE572-F1DE-4B66-8C04-7607B7453B0E}.Release|iPhoneSimulator.Build.0 = Release|iPhoneSimulator
		{B751C27A-B404-411F-8440-F1C2DAA7E347}.Ad-Hoc|iPhone.ActiveCfg = Debug|iPhoneSimulator
		{B751C27A-B404-411F-8440-F1C2DAA7E347}.Ad-Hoc|iPhone.Build.0 = Debug|iPhoneSimulator
		{B751C27A-B404-411F-8440-F1C2DAA7E347}.AppStore|iPhone.ActiveCfg = Debug|iPhoneSimulator
		{B751C27A-B404-411F-8440-F1C2DAA7E347}.AppStore|iPhone.Build.0 = Debug|iPhoneSimulator
		{B751C27A-B404-411F-8440-F1C2DAA7E347}.Debug|Any CPU.ActiveCfg = Debug|iPhoneSimulator
		{B751C27A-B404-411F-8440-F1C2DAA7E347}.Debug|Any CPU.Build.0 = Debug|iPhoneSimulator
		{B751C27A-B404-411F-8440-F1C2DAA7E347}.Debug|iPhone.ActiveCfg = Debug|iPhoneSimulator
		{B751C27A-B404-411F-8440-F1C2DAA7E347}.Debug|iPhone.Build.0 = Debug|iPhoneSimulator
		{B751C27A-B404-411F-8440-F1C2DAA7E347}.Debug|iPhoneSimulator.ActiveCfg = Debug|iPhoneSimulator
		{B751C27A-B404-411F-8440-F1C2DAA7E347}.Debug|iPhoneSimulator.Build.0 = Debug|iPhoneSimulator
		{B751C27A-B404-411F-8440-F1C2DAA7E347}.Release|Any CPU.ActiveCfg = Debug|iPhoneSimulator
		{B751C27A-B404-411F-8440-F1C2DAA7E347}.Release|Any CPU.Build.0 = Debug|iPhoneSimulator
		{B751C27A-B404-411F-8440-F1C2DAA7E347}.Release|iPhone.ActiveCfg = Debug|iPhoneSimulator
		{B751C27A-B404-411F-8440-F1C2DAA7E347}.Release|iPhone.Build.0 = Debug|iPhoneSimulator
		{B751C27A-B404-411F-8440-F1C2DAA7E347}.Release|iPhoneSimulator.ActiveCfg = Release|iPhoneSimulator
		{B751C27A-B404-411F-8440-F1C2DAA7E347}.Release|iPhoneSimulator.Build.0 = Release|iPhoneSimulator
	EndGlobalSection
EndGlobal
